
Microsoft Visual Studio Solution File, Format Version 12.00
# Visual Studio Version 16
VisualStudioVersion = 16.0.31129.286
MinimumVisualStudioVersion = 10.0.40219.1
Project("{9A19103F-16F7-4668-BE54-9A1E7A4F7556}") = "Observer", "Observer\Observer.csproj", "{9E2B8E6A-48DA-46A1-B96F-BFD3E59D84D8}"
EndProject
Project("{9A19103F-16F7-4668-BE54-9A1E7A4F7556}") = "NativeObserver", "NativeObserver\NativeObserver.csproj", "{84FC24DA-B74D-4DEE-B505-EF18D74BA60B}"
EndProject
Project("{FAE04EC0-301F-11D3-BF4B-00C04F79EFBC}") = "Sandbox", "Sandbox\Sandbox.csproj", "{5A943657-5ECC-4A6D-AE88-E7A6BDF7FC06}"
EndProject
Global
	GlobalSection(SolutionConfigurationPlatforms) = preSolution
		Debug|Any CPU = Debug|Any CPU
		Release|Any CPU = Release|Any CPU
	EndGlobalSection
	GlobalSection(ProjectConfigurationPlatforms) = postSolution
		{9E2B8E6A-48DA-46A1-B96F-BFD3E59D84D8}.Debug|Any CPU.ActiveCfg = Debug|Any CPU
		{9E2B8E6A-48DA-46A1-B96F-BFD3E59D84D8}.Debug|Any CPU.Build.0 = Debug|Any CPU
		{9E2B8E6A-48DA-46A1-B96F-BFD3E59D84D8}.Release|Any CPU.ActiveCfg = Release|Any CPU
		{9E2B8E6A-48DA-46A1-B96F-BFD3E59D84D8}.Release|Any CPU.Build.0 = Release|Any CPU
		{84FC24DA-B74D-4DEE-B505-EF18D74BA60B}.Debug|Any CPU.ActiveCfg = Debug|Any CPU
		{84FC24DA-B74D-4DEE-B505-EF18D74BA60B}.Debug|Any CPU.Build.0 = Debug|Any CPU
		{84FC24DA-B74D-4DEE-B505-EF18D74BA60B}.Release|Any CPU.ActiveCfg = Release|Any CPU
		{84FC24DA-B74D-4DEE-B505-EF18D74BA60B}.Release|Any CPU.Build.0 = Release|Any CPU
		{5A943657-5ECC-4A6D-AE88-E7A6BDF7FC06}.Debug|Any CPU.ActiveCfg = Debug|Any CPU
		{5A943657-5ECC-4A6D-AE88-E7A6BDF7FC06}.Debug|Any CPU.Build.0 = Debug|Any CPU
		{5A943657-5ECC-4A6D-AE88-E7A6BDF7FC06}.Release|Any CPU.ActiveCfg = Release|Any CPU
		{5A943657-5ECC-4A6D-AE88-E7A6BDF7FC06}.Release|Any CPU.Build.0 = Release|Any CPU
	EndGlobalSection
	GlobalSection(SolutionProperties) = preSolution
		HideSolutionNode = FALSE
	EndGlobalSection
	GlobalSection(ExtensibilityGlobals) = postSolution
		SolutionGuid = {8BC36AE3-BCFF-4B86-AEF8-BFFB29E28721}
	EndGlobalSection
EndGlobal
